<?xml version="1.0" encoding="utf-8"?>
<Project DefaultTargets="Build" ToolsVersion="4.0" xmlns="http://schemas.microsoft.com/developer/msbuild/2003">
  <PropertyGroup>
    <Configuration Condition=" '$(Configuration)' == '' ">Debug</Configuration>
    <Platform Condition=" '$(Platform)' == '' ">AnyCPU</Platform>
    <ProductVersion>10.0.0</ProductVersion>
    <SchemaVersion>2.0</SchemaVersion>
    <ProjectGuid>{2932AACE-1726-4FD8-9406-A981241A58A1}</ProjectGuid>
    <UseDefaultCompiler>true</UseDefaultCompiler>
    <PreferOneStepBuild>true</PreferOneStepBuild>
    <Compiler>DMD2</Compiler>
    <BaseDirectory>.</BaseDirectory>
    <IncrementalLinking>true</IncrementalLinking>
  </PropertyGroup>
  <PropertyGroup Condition=" '$(Configuration)|$(Platform)' == 'Debug|AnyCPU' ">
    <DebugSymbols>true</DebugSymbols>
    <OutputPath>bin\Debug</OutputPath>
    <ObjectsDirectory>obj/Debug</ObjectsDirectory>
    <UnittestMode>false</UnittestMode>
    <OutputName>libred</OutputName>
    <Target>StaticLibrary</Target>
    <Externalconsole>true</Externalconsole>
    <DebugLevel>0</DebugLevel>
  </PropertyGroup>
  <PropertyGroup Condition=" '$(Configuration)|$(Platform)' == 'Release|AnyCPU' ">
    <OutputPath>bin\Release</OutputPath>
    <Externalconsole>true</Externalconsole>
    <Target>StaticLibrary</Target>
    <OutputName>libred</OutputName>
    <UnittestMode>false</UnittestMode>
    <ObjectsDirectory>obj/Release</ObjectsDirectory>
    <DebugLevel>0</DebugLevel>
  </PropertyGroup>
  <PropertyGroup Condition=" '$(Configuration)|$(Platform)' == 'Unittest|AnyCPU' ">
    <DebugSymbols>true</DebugSymbols>
    <OutputPath>bin\Unittest</OutputPath>
    <ObjectsDirectory>obj/Unittest</ObjectsDirectory>
    <UnittestMode>true</UnittestMode>
    <OutputName>libred</OutputName>
    <Target>StaticLibrary</Target>
    <Externalconsole>true</Externalconsole>
    <DebugLevel>0</DebugLevel>
  </PropertyGroup>
  <ItemGroup>
    <Folder Include="red\" />
    <Folder Include="red\web\" />
    <Folder Include="red\web\ui\" />
    <Folder Include="red\web\http\" />
    <Folder Include="red\xml\" />
    <Folder Include="red\data\" />
    <Folder Include="red\data\sqlite\" />
    <Folder Include="red\data\mysql\" />
    <Folder Include="red\generic\" />
    <Folder Include="red\console\" />
    <Folder Include="red\web\ui\html\" />
  </ItemGroup>
  <ItemGroup>
    <Compile Include="red\data\common.d" />
    <Compile Include="red\data\DataColumn.d" />
    <Compile Include="red\data\DataRow.d" />
    <Compile Include="red\data\DataTable.d" />
    <Compile Include="red\data\DataSet.d" />
    <Compile Include="red\generic\LinkedList.d" />
    <Compile Include="red\console\ConsoleApp.d" />
    <Compile Include="red\data\Client.d" />
    <Compile Include="red\data\mysql\MySqlClient.d" />
    <Compile Include="red\data\sqlite\SqliteClient.d" />
    <Compile Include="red\web\http\HttpRequest.d" />
    <Compile Include="red\web\http\HttpResponse.d" />
    <Compile Include="red\web\http\HttpResponseCode.d" />
    <Compile Include="red\web\http\HttpServer.d" />
    <Compile Include="red\web\http\HttpApplication.d" />
    <Compile Include="red\web\http\HttpRequestHandler.d" />
    <Compile Include="red\xml\Node.d" />
    <Compile Include="red\xml\Element.d" />
    <Compile Include="red\xml\Comment.d" />
    <Compile Include="red\xml\CDataSection.d" />
    <Compile Include="red\xml\Document.d" />
    <Compile Include="red\xml\Text.d" />
    <Compile Include="red\xml\Reader.d" />
    <Compile Include="red\xml\Writer.d" />
    <Compile Include="red\web\ui\html\Element.d" />
  </ItemGroup>
</Project>